Microsoft Visual Studio Solution File, Format Version 12.00
# Visual Studio 2012
Project("{FAE04EC0-301F-11D3-BF4B-00C04F79EFBC}") = "Mini_Game_Godot", "Mini_Game_Godot.csproj", "{2BD4884E-0F62-4BEB-B433-4364D39B0262}"
EndProject
Global
	GlobalSection(SolutionConfigurationPlatforms) = preSolution
	Debug|Any CPU = Debug|Any CPU
	ExportDebug|Any CPU = ExportDebug|Any CPU
	ExportRelease|Any CPU = ExportRelease|Any CPU
	EndGlobalSection
	GlobalSection(ProjectConfigurationPlatforms) = postSolution
		{2BD4884E-0F62-4BEB-B433-4364D39B0262}.Debug|Any CPU.ActiveCfg = Debug|Any CPU
		{2BD4884E-0F62-4BEB-B433-4364D39B0262}.Debug|Any CPU.Build.0 = Debug|Any CPU
		{2BD4884E-0F62-4BEB-B433-4364D39B0262}.ExportDebug|Any CPU.ActiveCfg = ExportDebug|Any CPU
		{2BD4884E-0F62-4BEB-B433-4364D39B0262}.ExportDebug|Any CPU.Build.0 = ExportDebug|Any CPU
		{2BD4884E-0F62-4BEB-B433-4364D39B0262}.ExportRelease|Any CPU.ActiveCfg = ExportRelease|Any CPU
		{2BD4884E-0F62-4BEB-B433-4364D39B0262}.ExportRelease|Any CPU.Build.0 = ExportRelease|Any CPU
	EndGlobalSection
EndGlobal
